
Microsoft Visual Studio Solution File, Format Version 12.00
# Visual Studio Version 17
VisualStudioVersion = 17.13.35806.99 d17.13
MinimumVisualStudioVersion = 10.0.40219.1
Project("{FAE04EC0-301F-11D3-BF4B-00C04F79EFBC}") = "WorkingWithImages", "WorkingWithImages\WorkingWithImages.csproj", "{0CF84180-4CF5-4085-BF49-D4175834C4DF}"
EndProject
Project("{FAE04EC0-301F-11D3-BF4B-00C04F79EFBC}") = "HumanizingData", "HumanizingData\HumanizingData.csproj", "{CA66A065-93B9-40A0-90A0-C8DADD993CB6}"
EndProject
Project("{FAE04EC0-301F-11D3-BF4B-00C04F79EFBC}") = "FluentTests", "FluentTests\FluentTests.csproj", "{62B17861-1B1E-DCA3-57B4-65EF594635B6}"
EndProject
Project("{FAE04EC0-301F-11D3-BF4B-00C04F79EFBC}") = "FluentValidation.Console", "FluentValidation.Console\FluentValidation.Console.csproj", "{CA1C4569-3528-52C0-AE78-5AF727DB9B7F}"
EndProject
Project("{FAE04EC0-301F-11D3-BF4B-00C04F79EFBC}") = "FluentValidation.Models", "FluentValidation.Models\FluentValidation.Models.csproj", "{B9E5C2E6-A30B-163B-3DE6-08A53FC82031}"
EndProject
Project("{FAE04EC0-301F-11D3-BF4B-00C04F79EFBC}") = "FluentValidation.Validators", "FluentValidation.Validators\FluentValidation.Validators.csproj", "{4D27D05E-EB54-1795-0A7D-0ED73E6CEF78}"
EndProject
Project("{FAE04EC0-301F-11D3-BF4B-00C04F79EFBC}") = "GeneratingPdf.Console", "GeneratingPdf.Console\GeneratingPdf.Console.csproj", "{D0FEA0D5-E9CD-D9D9-BCC0-7FA0521F30A0}"
EndProject
Project("{FAE04EC0-301F-11D3-BF4B-00C04F79EFBC}") = "GeneratingPdf.Document", "GeneratingPdf.Document\GeneratingPdf.Document.csproj", "{4DE83F82-E331-6851-0D87-ACC1E7F2400E}"
EndProject
Project("{FAE04EC0-301F-11D3-BF4B-00C04F79EFBC}") = "GeneratingPdf.Models", "GeneratingPdf.Models\GeneratingPdf.Models.csproj", "{E68F2EE9-2F9A-5B5A-7687-A571CCBFA566}"
EndProject
Project("{FAE04EC0-301F-11D3-BF4B-00C04F79EFBC}") = "MappingObjects.Console", "MappingObjects.Console\MappingObjects.Console.csproj", "{33AAC2AC-8A43-A872-726D-426FCA94AD80}"
EndProject
Project("{FAE04EC0-301F-11D3-BF4B-00C04F79EFBC}") = "MappingObjects.Mappers", "MappingObjects.Mappers\MappingObjects.Mappers.csproj", "{B7119CCC-94B8-50E6-17F2-3C6E6B57B8C1}"
EndProject
Project("{FAE04EC0-301F-11D3-BF4B-00C04F79EFBC}") = "MappingObjects.Models", "MappingObjects.Models\MappingObjects.Models.csproj", "{E904C151-E982-155E-5394-92921475E8A1}"
EndProject
Project("{FAE04EC0-301F-11D3-BF4B-00C04F79EFBC}") = "MappingObjects.Tests", "MappingObjects.Tests\MappingObjects.Tests.csproj", "{D95CBB8F-6212-0365-4CFC-C7B9CF8742C7}"
EndProject
Project("{FAE04EC0-301F-11D3-BF4B-00C04F79EFBC}") = "Serilogging", "Serilogging\Serilogging.csproj", "{0DAA6394-3BB1-BE24-D02A-2E99B482BB6E}"
EndProject
Global
	GlobalSection(SolutionConfigurationPlatforms) = preSolution
		Debug|Any CPU = Debug|Any CPU
		Release|Any CPU = Release|Any CPU
	EndGlobalSection
	GlobalSection(ProjectConfigurationPlatforms) = postSolution
		{0CF84180-4CF5-4085-BF49-D4175834C4DF}.Debug|Any CPU.ActiveCfg = Debug|Any CPU
		{0CF84180-4CF5-4085-BF49-D4175834C4DF}.Debug|Any CPU.Build.0 = Debug|Any CPU
		{0CF84180-4CF5-4085-BF49-D4175834C4DF}.Release|Any CPU.ActiveCfg = Release|Any CPU
		{0CF84180-4CF5-4085-BF49-D4175834C4DF}.Release|Any CPU.Build.0 = Release|Any CPU
		{CA66A065-93B9-40A0-90A0-C8DADD993CB6}.Debug|Any CPU.ActiveCfg = Debug|Any CPU
		{CA66A065-93B9-40A0-90A0-C8DADD993CB6}.Debug|Any CPU.Build.0 = Debug|Any CPU
		{CA66A065-93B9-40A0-90A0-C8DADD993CB6}.Release|Any CPU.ActiveCfg = Release|Any CPU
		{CA66A065-93B9-40A0-90A0-C8DADD993CB6}.Release|Any CPU.Build.0 = Release|Any CPU
		{62B17861-1B1E-DCA3-57B4-65EF594635B6}.Debug|Any CPU.ActiveCfg = Debug|Any CPU
		{62B17861-1B1E-DCA3-57B4-65EF594635B6}.Debug|Any CPU.Build.0 = Debug|Any CPU
		{62B17861-1B1E-DCA3-57B4-65EF594635B6}.Release|Any CPU.ActiveCfg = Release|Any CPU
		{62B17861-1B1E-DCA3-57B4-65EF594635B6}.Release|Any CPU.Build.0 = Release|Any CPU
		{CA1C4569-3528-52C0-AE78-5AF727DB9B7F}.Debug|Any CPU.ActiveCfg = Debug|Any CPU
		{CA1C4569-3528-52C0-AE78-5AF727DB9B7F}.Debug|Any CPU.Build.0 = Debug|Any CPU
		{CA1C4569-3528-52C0-AE78-5AF727DB9B7F}.Release|Any CPU.ActiveCfg = Release|Any CPU
		{CA1C4569-3528-52C0-AE78-5AF727DB9B7F}.Release|Any CPU.Build.0 = Release|Any CPU
		{B9E5C2E6-A30B-163B-3DE6-08A53FC82031}.Debug|Any CPU.ActiveCfg = Debug|Any CPU
		{B9E5C2E6-A30B-163B-3DE6-08A53FC82031}.Debug|Any CPU.Build.0 = Debug|Any CPU
		{B9E5C2E6-A30B-163B-3DE6-08A53FC82031}.Release|Any CPU.ActiveCfg = Release|Any CPU
		{B9E5C2E6-A30B-163B-3DE6-08A53FC82031}.Release|Any CPU.Build.0 = Release|Any CPU
		{4D27D05E-EB54-1795-0A7D-0ED73E6CEF78}.Debug|Any CPU.ActiveCfg = Debug|Any CPU
		{4D27D05E-EB54-1795-0A7D-0ED73E6CEF78}.Debug|Any CPU.Build.0 = Debug|Any CPU
		{4D27D05E-EB54-1795-0A7D-0ED73E6CEF78}.Release|Any CPU.ActiveCfg = Release|Any CPU
		{4D27D05E-EB54-1795-0A7D-0ED73E6CEF78}.Release|Any CPU.Build.0 = Release|Any CPU
		{D0FEA0D5-E9CD-D9D9-BCC0-7FA0521F30A0}.Debug|Any CPU.ActiveCfg = Debug|Any CPU
		{D0FEA0D5-E9CD-D9D9-BCC0-7FA0521F30A0}.Debug|Any CPU.Build.0 = Debug|Any CPU
		{D0FEA0D5-E9CD-D9D9-BCC0-7FA0521F30A0}.Release|Any CPU.ActiveCfg = Release|Any CPU
		{D0FEA0D5-E9CD-D9D9-BCC0-7FA0521F30A0}.Release|Any CPU.Build.0 = Release|Any CPU
		{4DE83F82-E331-6851-0D87-ACC1E7F2400E}.Debug|Any CPU.ActiveCfg = Debug|Any CPU
		{4DE83F82-E331-6851-0D87-ACC1E7F2400E}.Debug|Any CPU.Build.0 = Debug|Any CPU
		{4DE83F82-E331-6851-0D87-ACC1E7F2400E}.Release|Any CPU.ActiveCfg = Release|Any CPU
		{4DE83F82-E331-6851-0D87-ACC1E7F2400E}.Release|Any CPU.Build.0 = Release|Any CPU
		{E68F2EE9-2F9A-5B5A-7687-A571CCBFA566}.Debug|Any CPU.ActiveCfg = Debug|Any CPU
		{E68F2EE9-2F9A-5B5A-7687-A571CCBFA566}.Debug|Any CPU.Build.0 = Debug|Any CPU
		{E68F2EE9-2F9A-5B5A-7687-A571CCBFA566}.Release|Any CPU.ActiveCfg = Release|Any CPU
		{E68F2EE9-2F9A-5B5A-7687-A571CCBFA566}.Release|Any CPU.Build.0 = Release|Any CPU
		{33AAC2AC-8A43-A872-726D-426FCA94AD80}.Debug|Any CPU.ActiveCfg = Debug|Any CPU
		{33AAC2AC-8A43-A872-726D-426FCA94AD80}.Debug|Any CPU.Build.0 = Debug|Any CPU
		{33AAC2AC-8A43-A872-726D-426FCA94AD80}.Release|Any CPU.ActiveCfg = Release|Any CPU
		{33AAC2AC-8A43-A872-726D-426FCA94AD80}.Release|Any CPU.Build.0 = Release|Any CPU
		{B7119CCC-94B8-50E6-17F2-3C6E6B57B8C1}.Debug|Any CPU.ActiveCfg = Debug|Any CPU
		{B7119CCC-94B8-50E6-17F2-3C6E6B57B8C1}.Debug|Any CPU.Build.0 = Debug|Any CPU
		{B7119CCC-94B8-50E6-17F2-3C6E6B57B8C1}.Release|Any CPU.ActiveCfg = Release|Any CPU
		{B7119CCC-94B8-50E6-17F2-3C6E6B57B8C1}.Release|Any CPU.Build.0 = Release|Any CPU
		{E904C151-E982-155E-5394-92921475E8A1}.Debug|Any CPU.ActiveCfg = Debug|Any CPU
		{E904C151-E982-155E-5394-92921475E8A1}.Debug|Any CPU.Build.0 = Debug|Any CPU
		{E904C151-E982-155E-5394-92921475E8A1}.Release|Any CPU.ActiveCfg = Release|Any CPU
		{E904C151-E982-155E-5394-92921475E8A1}.Release|Any CPU.Build.0 = Release|Any CPU
		{D95CBB8F-6212-0365-4CFC-C7B9CF8742C7}.Debug|Any CPU.ActiveCfg = Debug|Any CPU
		{D95CBB8F-6212-0365-4CFC-C7B9CF8742C7}.Debug|Any CPU.Build.0 = Debug|Any CPU
		{D95CBB8F-6212-0365-4CFC-C7B9CF8742C7}.Release|Any CPU.ActiveCfg = Release|Any CPU
		{D95CBB8F-6212-0365-4CFC-C7B9CF8742C7}.Release|Any CPU.Build.0 = Release|Any CPU
		{0DAA6394-3BB1-BE24-D02A-2E99B482BB6E}.Debug|Any CPU.ActiveCfg = Debug|Any CPU
		{0DAA6394-3BB1-BE24-D02A-2E99B482BB6E}.Debug|Any CPU.Build.0 = Debug|Any CPU
		{0DAA6394-3BB1-BE24-D02A-2E99B482BB6E}.Release|Any CPU.ActiveCfg = Release|Any CPU
		{0DAA6394-3BB1-BE24-D02A-2E99B482BB6E}.Release|Any CPU.Build.0 = Release|Any CPU
	EndGlobalSection
	GlobalSection(SolutionProperties) = preSolution
		HideSolutionNode = FALSE
	EndGlobalSection
	GlobalSection(ExtensibilityGlobals) = postSolution
		SolutionGuid = {A666055E-0111-457C-8370-4DE4BE323450}
	EndGlobalSection
EndGlobal
